
Microsoft Visual Studio Solution File, Format Version 12.00
# Visual Studio Version 16
VisualStudioVersion = 16.0.32510.428
MinimumVisualStudioVersion = 10.0.40219.1
Project("{FAE04EC0-301F-11D3-BF4B-00C04F79EFBC}") = "referance type and value type", "referance type and value type\referance type and value type.csproj", "{B216EDA8-FAA2-4C05-908D-44DFCF6D46DC}"
EndProject
Global
	GlobalSection(SolutionConfigurationPlatforms) = preSolution
		Debug|Any CPU = Debug|Any CPU
		Release|Any CPU = Release|Any CPU
	EndGlobalSection
	GlobalSection(ProjectConfigurationPlatforms) = postSolution
		{B216EDA8-FAA2-4C05-908D-44DFCF6D46DC}.Debug|Any CPU.ActiveCfg = Debug|Any CPU
		{B216EDA8-FAA2-4C05-908D-44DFCF6D46DC}.Debug|Any CPU.Build.0 = Debug|Any CPU
		{B216EDA8-FAA2-4C05-908D-44DFCF6D46DC}.Release|Any CPU.ActiveCfg = Release|Any CPU
		{B216EDA8-FAA2-4C05-908D-44DFCF6D46DC}.Release|Any CPU.Build.0 = Release|Any CPU
	EndGlobalSection
	GlobalSection(SolutionProperties) = preSolution
		HideSolutionNode = FALSE
	EndGlobalSection
	GlobalSection(ExtensibilityGlobals) = postSolution
		SolutionGuid = {C7B941C6-C829-42ED-BF3B-859AEDA84428}
	EndGlobalSection
EndGlobal
